
Microsoft Visual Studio Solution File, Format Version 12.00
# Visual Studio Version 17
VisualStudioVersion = 17.10.35004.147
MinimumVisualStudioVersion = 10.0.40219.1
Project("{9A19103F-16F7-4668-BE54-9A1E7A4F7556}") = "QuoteCalculator.Services", "QuoteCalculator.Services\QuoteCalculator.Services.csproj", "{2F3D9899-7884-40F2-B7A4-AA9E8A888CD7}"
EndProject
Project("{9A19103F-16F7-4668-BE54-9A1E7A4F7556}") = "QuoteCalculator.Infrastructure", "QuoteCalculator.Infrastracture\QuoteCalculator.Infrastructure.csproj", "{0B8591E8-8CC5-432B-A0D1-9CABD43C3720}"
EndProject
Project("{9A19103F-16F7-4668-BE54-9A1E7A4F7556}") = "QuoteCalculator.Domain", "QuoteCalculator.Domain\QuoteCalculator.Domain.csproj", "{8867AF70-0F70-40B5-8C3D-7CAE2D3ECD5A}"
EndProject
Project("{9A19103F-16F7-4668-BE54-9A1E7A4F7556}") = "QuoteCalculator.Tests", "QuoteCalculator.Tests\QuoteCalculator.Tests.csproj", "{4849C051-4F8A-41FA-A8CF-2F565BF9606E}"
EndProject
Project("{9A19103F-16F7-4668-BE54-9A1E7A4F7556}") = "QuoteCalculator.BlazorApp", "QuoteCalculator.BlazorApp\QuoteCalculator.BlazorApp.csproj", "{7AE60DD1-C17D-4B7F-80FA-56159B9DCFA7}"
EndProject
Project("{9A19103F-16F7-4668-BE54-9A1E7A4F7556}") = "QuoteCalculator.WebApi", "QuoteCalculator.WebApi\QuoteCalculator.WebApi.csproj", "{01AEFD97-9FD8-456A-B9FD-4EBA89B15456}"
EndProject
Global
	GlobalSection(SolutionConfigurationPlatforms) = preSolution
		Debug|Any CPU = Debug|Any CPU
		Release|Any CPU = Release|Any CPU
	EndGlobalSection
	GlobalSection(ProjectConfigurationPlatforms) = postSolution
		{2F3D9899-7884-40F2-B7A4-AA9E8A888CD7}.Debug|Any CPU.ActiveCfg = Debug|Any CPU
		{2F3D9899-7884-40F2-B7A4-AA9E8A888CD7}.Debug|Any CPU.Build.0 = Debug|Any CPU
		{2F3D9899-7884-40F2-B7A4-AA9E8A888CD7}.Release|Any CPU.ActiveCfg = Release|Any CPU
		{2F3D9899-7884-40F2-B7A4-AA9E8A888CD7}.Release|Any CPU.Build.0 = Release|Any CPU
		{0B8591E8-8CC5-432B-A0D1-9CABD43C3720}.Debug|Any CPU.ActiveCfg = Debug|Any CPU
		{0B8591E8-8CC5-432B-A0D1-9CABD43C3720}.Debug|Any CPU.Build.0 = Debug|Any CPU
		{0B8591E8-8CC5-432B-A0D1-9CABD43C3720}.Release|Any CPU.ActiveCfg = Release|Any CPU
		{0B8591E8-8CC5-432B-A0D1-9CABD43C3720}.Release|Any CPU.Build.0 = Release|Any CPU
		{8867AF70-0F70-40B5-8C3D-7CAE2D3ECD5A}.Debug|Any CPU.ActiveCfg = Debug|Any CPU
		{8867AF70-0F70-40B5-8C3D-7CAE2D3ECD5A}.Debug|Any CPU.Build.0 = Debug|Any CPU
		{8867AF70-0F70-40B5-8C3D-7CAE2D3ECD5A}.Release|Any CPU.ActiveCfg = Release|Any CPU
		{8867AF70-0F70-40B5-8C3D-7CAE2D3ECD5A}.Release|Any CPU.Build.0 = Release|Any CPU
		{4849C051-4F8A-41FA-A8CF-2F565BF9606E}.Debug|Any CPU.ActiveCfg = Debug|Any CPU
		{4849C051-4F8A-41FA-A8CF-2F565BF9606E}.Debug|Any CPU.Build.0 = Debug|Any CPU
		{4849C051-4F8A-41FA-A8CF-2F565BF9606E}.Release|Any CPU.ActiveCfg = Release|Any CPU
		{4849C051-4F8A-41FA-A8CF-2F565BF9606E}.Release|Any CPU.Build.0 = Release|Any CPU
		{7AE60DD1-C17D-4B7F-80FA-56159B9DCFA7}.Debug|Any CPU.ActiveCfg = Debug|Any CPU
		{7AE60DD1-C17D-4B7F-80FA-56159B9DCFA7}.Debug|Any CPU.Build.0 = Debug|Any CPU
		{7AE60DD1-C17D-4B7F-80FA-56159B9DCFA7}.Release|Any CPU.ActiveCfg = Release|Any CPU
		{7AE60DD1-C17D-4B7F-80FA-56159B9DCFA7}.Release|Any CPU.Build.0 = Release|Any CPU
		{01AEFD97-9FD8-456A-B9FD-4EBA89B15456}.Debug|Any CPU.ActiveCfg = Debug|Any CPU
		{01AEFD97-9FD8-456A-B9FD-4EBA89B15456}.Debug|Any CPU.Build.0 = Debug|Any CPU
		{01AEFD97-9FD8-456A-B9FD-4EBA89B15456}.Release|Any CPU.ActiveCfg = Release|Any CPU
		{01AEFD97-9FD8-456A-B9FD-4EBA89B15456}.Release|Any CPU.Build.0 = Release|Any CPU
	EndGlobalSection
	GlobalSection(SolutionProperties) = preSolution
		HideSolutionNode = FALSE
	EndGlobalSection
	GlobalSection(ExtensibilityGlobals) = postSolution
		SolutionGuid = {388DB963-AAB4-4A34-BF54-002718C8C879}
	EndGlobalSection
EndGlobal
