
Microsoft Visual Studio Solution File, Format Version 12.00
# Visual Studio Version 17
VisualStudioVersion = 17.10.35004.147
MinimumVisualStudioVersion = 10.0.40219.1
Project("{FAE04EC0-301F-11D3-BF4B-00C04F79EFBC}") = "QuoteCalculator", "QuoteCalculator\QuoteCalculator.csproj", "{A34D0024-CA27-450F-B15C-24601B26F64A}"
EndProject
Global
	GlobalSection(SolutionConfigurationPlatforms) = preSolution
		Debug|Any CPU = Debug|Any CPU
		Release|Any CPU = Release|Any CPU
	EndGlobalSection
	GlobalSection(ProjectConfigurationPlatforms) = postSolution
		{A34D0024-CA27-450F-B15C-24601B26F64A}.Debug|Any CPU.ActiveCfg = Debug|Any CPU
		{A34D0024-CA27-450F-B15C-24601B26F64A}.Debug|Any CPU.Build.0 = Debug|Any CPU
		{A34D0024-CA27-450F-B15C-24601B26F64A}.Release|Any CPU.ActiveCfg = Release|Any CPU
		{A34D0024-CA27-450F-B15C-24601B26F64A}.Release|Any CPU.Build.0 = Release|Any CPU
	EndGlobalSection
	GlobalSection(SolutionProperties) = preSolution
		HideSolutionNode = FALSE
	EndGlobalSection
	GlobalSection(ExtensibilityGlobals) = postSolution
		SolutionGuid = {388DB963-AAB4-4A34-BF54-002718C8C879}
	EndGlobalSection
EndGlobal
