
Microsoft Visual Studio Solution File, Format Version 12.00
# Visual Studio Version 17
VisualStudioVersion = 17.10.35004.147
MinimumVisualStudioVersion = 10.0.40219.1
Project("{FAE04EC0-301F-11D3-BF4B-00C04F79EFBC}") = "QuoteCalculator", "QuoteCalculator\QuoteCalculator.csproj", "{A34D0024-CA27-450F-B15C-24601B26F64A}"
	ProjectSection(ProjectDependencies) = postProject
		{0B8591E8-8CC5-432B-A0D1-9CABD43C3720} = {0B8591E8-8CC5-432B-A0D1-9CABD43C3720}
		{2F3D9899-7884-40F2-B7A4-AA9E8A888CD7} = {2F3D9899-7884-40F2-B7A4-AA9E8A888CD7}
		{8867AF70-0F70-40B5-8C3D-7CAE2D3ECD5A} = {8867AF70-0F70-40B5-8C3D-7CAE2D3ECD5A}
	EndProjectSection
EndProject
Project("{FAE04EC0-301F-11D3-BF4B-00C04F79EFBC}") = "QuoteCalculator.Services", "QuoteCalculator.Services\QuoteCalculator.Services.csproj", "{2F3D9899-7884-40F2-B7A4-AA9E8A888CD7}"
EndProject
Project("{FAE04EC0-301F-11D3-BF4B-00C04F79EFBC}") = "QuoteCalculator.Infrastructure", "QuoteCalculator.Infrastracture\QuoteCalculator.Infrastructure.csproj", "{0B8591E8-8CC5-432B-A0D1-9CABD43C3720}"
EndProject
Project("{FAE04EC0-301F-11D3-BF4B-00C04F79EFBC}") = "QuoteCalculator.Domain", "QuoteCalculator.Domain\QuoteCalculator.Domain.csproj", "{8867AF70-0F70-40B5-8C3D-7CAE2D3ECD5A}"
EndProject
Global
	GlobalSection(SolutionConfigurationPlatforms) = preSolution
		Debug|Any CPU = Debug|Any CPU
		Release|Any CPU = Release|Any CPU
	EndGlobalSection
	GlobalSection(ProjectConfigurationPlatforms) = postSolution
		{A34D0024-CA27-450F-B15C-24601B26F64A}.Debug|Any CPU.ActiveCfg = Debug|Any CPU
		{A34D0024-CA27-450F-B15C-24601B26F64A}.Debug|Any CPU.Build.0 = Debug|Any CPU
		{A34D0024-CA27-450F-B15C-24601B26F64A}.Release|Any CPU.ActiveCfg = Release|Any CPU
		{A34D0024-CA27-450F-B15C-24601B26F64A}.Release|Any CPU.Build.0 = Release|Any CPU
		{2F3D9899-7884-40F2-B7A4-AA9E8A888CD7}.Debug|Any CPU.ActiveCfg = Debug|Any CPU
		{2F3D9899-7884-40F2-B7A4-AA9E8A888CD7}.Debug|Any CPU.Build.0 = Debug|Any CPU
		{2F3D9899-7884-40F2-B7A4-AA9E8A888CD7}.Release|Any CPU.ActiveCfg = Release|Any CPU
		{2F3D9899-7884-40F2-B7A4-AA9E8A888CD7}.Release|Any CPU.Build.0 = Release|Any CPU
		{0B8591E8-8CC5-432B-A0D1-9CABD43C3720}.Debug|Any CPU.ActiveCfg = Debug|Any CPU
		{0B8591E8-8CC5-432B-A0D1-9CABD43C3720}.Debug|Any CPU.Build.0 = Debug|Any CPU
		{0B8591E8-8CC5-432B-A0D1-9CABD43C3720}.Release|Any CPU.ActiveCfg = Release|Any CPU
		{0B8591E8-8CC5-432B-A0D1-9CABD43C3720}.Release|Any CPU.Build.0 = Release|Any CPU
		{8867AF70-0F70-40B5-8C3D-7CAE2D3ECD5A}.Debug|Any CPU.ActiveCfg = Debug|Any CPU
		{8867AF70-0F70-40B5-8C3D-7CAE2D3ECD5A}.Debug|Any CPU.Build.0 = Debug|Any CPU
		{8867AF70-0F70-40B5-8C3D-7CAE2D3ECD5A}.Release|Any CPU.ActiveCfg = Release|Any CPU
		{8867AF70-0F70-40B5-8C3D-7CAE2D3ECD5A}.Release|Any CPU.Build.0 = Release|Any CPU
	EndGlobalSection
	GlobalSection(SolutionProperties) = preSolution
		HideSolutionNode = FALSE
	EndGlobalSection
	GlobalSection(ExtensibilityGlobals) = postSolution
		SolutionGuid = {388DB963-AAB4-4A34-BF54-002718C8C879}
	EndGlobalSection
EndGlobal
